
Microsoft Visual Studio Solution File, Format Version 12.00
# Visual Studio Version 16
VisualStudioVersion = 16.0.29920.165
MinimumVisualStudioVersion = 10.0.40219.1
Project("{FAE04EC0-301F-11D3-BF4B-00C04F79EFBC}") = "PROGECT", "PROGECT\PROGECT.csproj", "{45D0C227-558A-414D-A594-DE7C7713F169}"
EndProject
Global
	GlobalSection(SolutionConfigurationPlatforms) = preSolution
		Debug|Any CPU = Debug|Any CPU
		Release|Any CPU = Release|Any CPU
	EndGlobalSection
	GlobalSection(ProjectConfigurationPlatforms) = postSolution
		{45D0C227-558A-414D-A594-DE7C7713F169}.Debug|Any CPU.ActiveCfg = Debug|Any CPU
		{45D0C227-558A-414D-A594-DE7C7713F169}.Debug|Any CPU.Build.0 = Debug|Any CPU
		{45D0C227-558A-414D-A594-DE7C7713F169}.Release|Any CPU.ActiveCfg = Release|Any CPU
		{45D0C227-558A-414D-A594-DE7C7713F169}.Release|Any CPU.Build.0 = Release|Any CPU
	EndGlobalSection
	GlobalSection(SolutionProperties) = preSolution
		HideSolutionNode = FALSE
	EndGlobalSection
	GlobalSection(ExtensibilityGlobals) = postSolution
		SolutionGuid = {39F0B534-4407-4074-897B-2832D1999D5C}
	EndGlobalSection
EndGlobal
